<?xml version="1.0" encoding="utf-8"?>
<Project ToolsVersion="17.0" xmlns="http://schemas.microsoft.com/developer/msbuild/2003">
  <ItemGroup>
    <Filter Include="CMake Rules">
      <UniqueIdentifier>{A82C7335-EC3C-3C20-811D-B8D6144B06CC}</UniqueIdentifier>
    </Filter>
  </ItemGroup>
</Project>
